
Microsoft Visual Studio Solution File, Format Version 12.00
# Visual Studio Version 16
VisualStudioVersion = 16.0.32228.343
MinimumVisualStudioVersion = 10.0.40219.1
Project("{9A19103F-16F7-4668-BE54-9A1E7A4F7556}") = "Interfaces", "Interfaces.csproj", "{EFC62A75-C47A-418A-BDDA-4074DC788DC0}"
EndProject
Project("{9A19103F-16F7-4668-BE54-9A1E7A4F7556}") = "InterfaceExercises", "..\InterfaceExercises\InterfaceExercises.csproj", "{C6B078EE-7F63-4ADF-B481-7C40DC8E94C3}"
EndProject
Project("{FAE04EC0-301F-11D3-BF4B-00C04F79EFBC}") = "InterfacesExercise2", "..\InterfacesExercise2\InterfacesExercise2.csproj", "{2EE23E5C-9EC5-414C-9F59-94EA0D680388}"
EndProject
Global
	GlobalSection(SolutionConfigurationPlatforms) = preSolution
		Debug|Any CPU = Debug|Any CPU
		Release|Any CPU = Release|Any CPU
	EndGlobalSection
	GlobalSection(ProjectConfigurationPlatforms) = postSolution
		{EFC62A75-C47A-418A-BDDA-4074DC788DC0}.Debug|Any CPU.ActiveCfg = Debug|Any CPU
		{EFC62A75-C47A-418A-BDDA-4074DC788DC0}.Debug|Any CPU.Build.0 = Debug|Any CPU
		{EFC62A75-C47A-418A-BDDA-4074DC788DC0}.Release|Any CPU.ActiveCfg = Release|Any CPU
		{EFC62A75-C47A-418A-BDDA-4074DC788DC0}.Release|Any CPU.Build.0 = Release|Any CPU
		{C6B078EE-7F63-4ADF-B481-7C40DC8E94C3}.Debug|Any CPU.ActiveCfg = Debug|Any CPU
		{C6B078EE-7F63-4ADF-B481-7C40DC8E94C3}.Debug|Any CPU.Build.0 = Debug|Any CPU
		{C6B078EE-7F63-4ADF-B481-7C40DC8E94C3}.Release|Any CPU.ActiveCfg = Release|Any CPU
		{C6B078EE-7F63-4ADF-B481-7C40DC8E94C3}.Release|Any CPU.Build.0 = Release|Any CPU
		{2EE23E5C-9EC5-414C-9F59-94EA0D680388}.Debug|Any CPU.ActiveCfg = Debug|Any CPU
		{2EE23E5C-9EC5-414C-9F59-94EA0D680388}.Debug|Any CPU.Build.0 = Debug|Any CPU
		{2EE23E5C-9EC5-414C-9F59-94EA0D680388}.Release|Any CPU.ActiveCfg = Release|Any CPU
		{2EE23E5C-9EC5-414C-9F59-94EA0D680388}.Release|Any CPU.Build.0 = Release|Any CPU
	EndGlobalSection
	GlobalSection(SolutionProperties) = preSolution
		HideSolutionNode = FALSE
	EndGlobalSection
	GlobalSection(ExtensibilityGlobals) = postSolution
		SolutionGuid = {C6643AF7-C070-4DB9-814B-F4DA5254BD48}
	EndGlobalSection
EndGlobal
